{
  "name": "forgelight-dme",
  "version": "0.1.0",
  "lockfileVersion": 1,
  "requires": true,
  "dependencies": {
    "buffer-crc32": {
      "version": "0.2.1",
      "resolved": "https://registry.npmjs.org/buffer-crc32/-/buffer-crc32-0.2.1.tgz",
      "integrity": "sha1-vj5TgvwCttYySVasGvmKqYsIU0w="
    },
    "sax": {
      "version": "0.6.1",
      "resolved": "https://registry.npmjs.org/sax/-/sax-0.6.1.tgz",
      "integrity": "sha1-VjsZx8HeiS4Jv8Ty/DDjwn8JUrk="
    },
    "xml2js": {
      "version": "0.4.5",
      "resolved": "https://registry.npmjs.org/xml2js/-/xml2js-0.4.5.tgz",
      "integrity": "sha1-/EJnUbfPiQqqkJp1bu3jHH84qPw=",
      "requires": {
        "sax": "0.6.x",
        "xmlbuilder": ">=1.0.0"
      }
    },
    "xmlbuilder": {
      "version": "15.1.1",
      "resolved": "https://registry.npmjs.org/xmlbuilder/-/xmlbuilder-15.1.1.tgz",
      "integrity": "sha512-yMqGBqtXyeN1e3TGYvgNgDVZ3j84W4cwkOXQswghol6APgZWaff9lnbvN7MHYJOiXsvGPXtjTYJEiC9J2wv9Eg=="
    }
  }
}
